
Microsoft Visual Studio Solution File, Format Version 12.00
# Visual Studio Version 16
VisualStudioVersion = 16.0.29009.5
MinimumVisualStudioVersion = 10.0.40219.1
Project("{FAE04EC0-301F-11D3-BF4B-00C04F79EFBC}") = "Microliu.Utils", "Microliu.Utils\Microliu.Utils.csproj", "{8463CAA3-8F86-4C59-9B3C-0E3E98493EEF}"
EndProject
Global
	GlobalSection(SolutionConfigurationPlatforms) = preSolution
		Debug|Any CPU = Debug|Any CPU
		Release|Any CPU = Release|Any CPU
	EndGlobalSection
	GlobalSection(ProjectConfigurationPlatforms) = postSolution
		{8463CAA3-8F86-4C59-9B3C-0E3E98493EEF}.Debug|Any CPU.ActiveCfg = Debug|Any CPU
		{8463CAA3-8F86-4C59-9B3C-0E3E98493EEF}.Debug|Any CPU.Build.0 = Debug|Any CPU
		{8463CAA3-8F86-4C59-9B3C-0E3E98493EEF}.Release|Any CPU.ActiveCfg = Release|Any CPU
		{8463CAA3-8F86-4C59-9B3C-0E3E98493EEF}.Release|Any CPU.Build.0 = Release|Any CPU
	EndGlobalSection
	GlobalSection(SolutionProperties) = preSolution
		HideSolutionNode = FALSE
	EndGlobalSection
	GlobalSection(ExtensibilityGlobals) = postSolution
		SolutionGuid = {378A4B06-81ED-42A9-A007-6EE18FE6DFBD}
	EndGlobalSection
EndGlobal
