
Microsoft Visual Studio Solution File, Format Version 12.00
# Visual Studio Version 16
VisualStudioVersion = 16.0.29009.5
MinimumVisualStudioVersion = 10.0.40219.1
Project("{FAE04EC0-301F-11D3-BF4B-00C04F79EFBC}") = "Microliu.EmailService", "Microliu.EmailService\Microliu.EmailService.csproj", "{168260C0-9BB4-40CF-B619-D21887FED708}"
EndProject
Global
	GlobalSection(SolutionConfigurationPlatforms) = preSolution
		Debug|Any CPU = Debug|Any CPU
		Release|Any CPU = Release|Any CPU
	EndGlobalSection
	GlobalSection(ProjectConfigurationPlatforms) = postSolution
		{168260C0-9BB4-40CF-B619-D21887FED708}.Debug|Any CPU.ActiveCfg = Debug|Any CPU
		{168260C0-9BB4-40CF-B619-D21887FED708}.Debug|Any CPU.Build.0 = Debug|Any CPU
		{168260C0-9BB4-40CF-B619-D21887FED708}.Release|Any CPU.ActiveCfg = Release|Any CPU
		{168260C0-9BB4-40CF-B619-D21887FED708}.Release|Any CPU.Build.0 = Release|Any CPU
	EndGlobalSection
	GlobalSection(SolutionProperties) = preSolution
		HideSolutionNode = FALSE
	EndGlobalSection
	GlobalSection(ExtensibilityGlobals) = postSolution
		SolutionGuid = {EC36FA5F-0A5C-4BFE-BA16-393061A3AA8F}
	EndGlobalSection
EndGlobal
