
Microsoft Visual Studio Solution File, Format Version 12.00
# Visual Studio Version 16
VisualStudioVersion = 16.0.29123.88
MinimumVisualStudioVersion = 10.0.40219.1
Project("{2150E333-8FDC-42A3-9474-1A3956D46DE8}") = "Surging", "Surging", "{1A9FE29D-EC10-4128-A954-AF34D61F150A}"
EndProject
Project("{2150E333-8FDC-42A3-9474-1A3956D46DE8}") = "System.Core", "System.Core", "{5A292262-A397-40BE-A5B6-82988AAAF204}"
EndProject
Project("{9A19103F-16F7-4668-BE54-9A1E7A4F7556}") = "Surging.Core.Zookeeper", "..\..\surging\src\Surging.Core\Surging.Core.Zookeeper\Surging.Core.Zookeeper.csproj", "{BC749EE8-830E-4F07-8B7F-8348161EB24A}"
EndProject
Project("{9A19103F-16F7-4668-BE54-9A1E7A4F7556}") = "Surging.Core.Abp", "..\..\surging\src\Surging.Core\Surging.Core.Abp\Surging.Core.Abp.csproj", "{6A49E33B-F234-4C61-85D9-7387099F9372}"
EndProject
Project("{9A19103F-16F7-4668-BE54-9A1E7A4F7556}") = "Surging.Core.ApiGateWay", "..\..\surging\src\Surging.Core\Surging.Core.ApiGateWay\Surging.Core.ApiGateWay.csproj", "{4BC80983-9AA4-42EE-AEF5-A880D2F125B2}"
EndProject
Project("{9A19103F-16F7-4668-BE54-9A1E7A4F7556}") = "Surging.Core.AutoMapper", "..\..\surging\src\Surging.Core\Surging.Core.AutoMapper\Surging.Core.AutoMapper.csproj", "{CE1E05E3-FB48-409A-BB83-46DBB7A05A21}"
EndProject
Project("{9A19103F-16F7-4668-BE54-9A1E7A4F7556}") = "Surging.Core.Caching", "..\..\surging\src\Surging.Core\Surging.Core.Caching\Surging.Core.Caching.csproj", "{C0F3608A-5D89-4762-8758-DFA34D0FEA5C}"
EndProject
Project("{9A19103F-16F7-4668-BE54-9A1E7A4F7556}") = "Surging.Core.Common", "..\..\surging\src\Surging.Core\Surging.Core.Common\Surging.Core.Common.csproj", "{E69FEA00-0D55-4CB1-92DC-89EC41B936DD}"
EndProject
Project("{9A19103F-16F7-4668-BE54-9A1E7A4F7556}") = "Surging.Core.Consul", "..\..\surging\src\Surging.Core\Surging.Core.Consul\Surging.Core.Consul.csproj", "{0A1995A1-708A-40A1-9DCC-7F5E027E273C}"
EndProject
Project("{9A19103F-16F7-4668-BE54-9A1E7A4F7556}") = "Surging.Core.DNS", "..\..\surging\src\Surging.Core\Surging.Core.DNS\Surging.Core.DNS.csproj", "{26EDD94A-BAEB-4955-863F-D6C75C6C22A0}"
EndProject
Project("{9A19103F-16F7-4668-BE54-9A1E7A4F7556}") = "Surging.Core.CPlatform", "..\..\surging\src\Surging.Core\Surging.Core.CPlatform\Surging.Core.CPlatform.csproj", "{E6D450A5-DBCF-4F6B-94D9-B7B2C095A08F}"
EndProject
Project("{9A19103F-16F7-4668-BE54-9A1E7A4F7556}") = "Surging.Core.EventBusRabbitMQ", "..\..\surging\src\Surging.Core\Surging.Core.EventBusRabbitMQ\Surging.Core.EventBusRabbitMQ.csproj", "{96981BB9-54C4-4363-9CD2-6943BDD247CE}"
EndProject
Project("{9A19103F-16F7-4668-BE54-9A1E7A4F7556}") = "Surging.Core.EventBusKafka", "..\..\surging\src\Surging.Core\Surging.Core.EventBusKafka\Surging.Core.EventBusKafka.csproj", "{06916C05-D644-43E8-A973-D7A56BDE04F4}"
EndProject
Project("{9A19103F-16F7-4668-BE54-9A1E7A4F7556}") = "Surging.Core.DotNetty", "..\..\surging\src\Surging.Core\Surging.Core.DotNetty\Surging.Core.DotNetty.csproj", "{202A1352-CB45-4564-901E-603C6758B627}"
EndProject
Project("{9A19103F-16F7-4668-BE54-9A1E7A4F7556}") = "Surging.Core.Codec.MessagePack", "..\..\surging\src\Surging.Core\Surging.Core.Codec.MessagePack\Surging.Core.Codec.MessagePack.csproj", "{24686A9B-9B18-4A62-B78B-6756AB055342}"
EndProject
Project("{9A19103F-16F7-4668-BE54-9A1E7A4F7556}") = "Surging.Core.Codec.ProtoBuffer", "..\..\surging\src\Surging.Core\Surging.Core.Codec.ProtoBuffer\Surging.Core.Codec.ProtoBuffer.csproj", "{05F852A0-D7FC-46F0-A9FE-2D603B581062}"
EndProject
Project("{9A19103F-16F7-4668-BE54-9A1E7A4F7556}") = "Surging.Core.KestrelHttpServer", "..\..\surging\src\Surging.Core\Surging.Core.KestrelHttpServer\Surging.Core.KestrelHttpServer.csproj", "{8E0C9359-0048-46B1-BC7F-1BFDAE8CD598}"
EndProject
Project("{9A19103F-16F7-4668-BE54-9A1E7A4F7556}") = "Surging.Core.Log4net", "..\..\surging\src\Surging.Core\Surging.Core.Log4net\Surging.Core.Log4net.csproj", "{C138CD38-BDC2-4875-87B0-B6E688E51F67}"
EndProject
Project("{9A19103F-16F7-4668-BE54-9A1E7A4F7556}") = "Surging.Core.Nlog", "..\..\surging\src\Surging.Core\Surging.Core.NLog\Surging.Core.Nlog.csproj", "{E9773D0F-E40D-4B95-A6C2-2CFAFFF332DA}"
EndProject
Project("{9A19103F-16F7-4668-BE54-9A1E7A4F7556}") = "Surging.Core.Protocol.Http", "..\..\surging\src\Surging.Core\Surging.Core.Protocol.Http\Surging.Core.Protocol.Http.csproj", "{16972A54-A535-46C4-BFDC-661FD7B7CBC8}"
EndProject
Project("{9A19103F-16F7-4668-BE54-9A1E7A4F7556}") = "Surging.Core.Protocol.Mqtt", "..\..\surging\src\Surging.Core\Surging.Core.Protocol.Mqtt\Surging.Core.Protocol.Mqtt.csproj", "{121F94FC-9259-4E72-AA51-D9BCF5A175AD}"
EndProject
Project("{9A19103F-16F7-4668-BE54-9A1E7A4F7556}") = "Surging.Core.Protocol.WS", "..\..\surging\src\Surging.Core\Surging.Core.Protocol.WS\Surging.Core.Protocol.WS.csproj", "{39309B3E-8B49-4357-AC32-10AEDBA3A335}"
EndProject
Project("{9A19103F-16F7-4668-BE54-9A1E7A4F7556}") = "Surging.Core.ProxyGenerator", "..\..\surging\src\Surging.Core\Surging.Core.ProxyGenerator\Surging.Core.ProxyGenerator.csproj", "{84900EDE-D601-46A2-A8ED-E28918FDEB36}"
EndProject
Project("{9A19103F-16F7-4668-BE54-9A1E7A4F7556}") = "Surging.Core.ServiceHosting", "..\..\surging\src\Surging.Core\Surging.Core.ServiceHosting\Surging.Core.ServiceHosting.csproj", "{C5C8765F-8A8A-4EF7-BE9D-EAD52CFBF7B1}"
EndProject
Project("{9A19103F-16F7-4668-BE54-9A1E7A4F7556}") = "Surging.Core.Stage", "..\..\surging\src\Surging.Core\Surging.Core.Stage\Surging.Core.Stage.csproj", "{2F91BA54-4935-49B1-B9F3-48434A5C4E16}"
EndProject
Project("{9A19103F-16F7-4668-BE54-9A1E7A4F7556}") = "Surging.Core.Swagger", "..\..\surging\src\Surging.Core\Surging.Core.Swagger\Surging.Core.Swagger.csproj", "{85EE0442-E80A-4B09-A303-B4F440322308}"
EndProject
Project("{9A19103F-16F7-4668-BE54-9A1E7A4F7556}") = "Surging.Core.System", "..\..\surging\src\Surging.Core\Surging.Core.System\Surging.Core.System.csproj", "{FE834525-91D5-45F3-B4B9-E91F4D478925}"
EndProject
Project("{9A19103F-16F7-4668-BE54-9A1E7A4F7556}") = "DotNetty.Codecs.DNS", "..\..\surging\src\DotNetty.Codecs\DotNetty.Codecs.DNS\DotNetty.Codecs.DNS.csproj", "{7DAAB3CF-EB06-4C6A-A628-0841991B850B}"
EndProject
Project("{9A19103F-16F7-4668-BE54-9A1E7A4F7556}") = "WebSocketCore", "..\..\surging\src\WebSocket\WebSocketCore\WebSocketCore.csproj", "{11CD875B-CBAD-4F79-8368-61F6B9BC9845}"
EndProject
Project("{9A19103F-16F7-4668-BE54-9A1E7A4F7556}") = "Surging.ApiGateway", "..\..\surging\src\Surging.ApiGateway\Surging.ApiGateway.csproj", "{1603FEF3-B864-4ABE-9C88-9FF66BEB3BD5}"
EndProject
Project("{2150E333-8FDC-42A3-9474-1A3956D46DE8}") = "Services", "Services", "{7214128A-F996-4E35-8BA4-59A25C5C8778}"
EndProject
Project("{2150E333-8FDC-42A3-9474-1A3956D46DE8}") = "NewsService", "NewsService", "{60426361-7A57-4276-B657-CA5BC773FE45}"
EndProject
Project("{9A19103F-16F7-4668-BE54-9A1E7A4F7556}") = "NewsHost", "..\..\services\NewsService\NewsHost\NewsHost.csproj", "{E4E80B02-5065-474F-9158-4385A2ECC880}"
EndProject
Project("{9A19103F-16F7-4668-BE54-9A1E7A4F7556}") = "News.Doamin", "..\..\services\NewsService\News.Doamin\News.Doamin.csproj", "{43B6C9FB-220D-4836-A5E8-131FA7531225}"
EndProject
Project("{9A19103F-16F7-4668-BE54-9A1E7A4F7556}") = "News.Application", "..\..\services\NewsService\News.Application\News.Application.csproj", "{62F76672-2847-41E1-9A51-F0F7AC16A8FF}"
EndProject
Project("{9A19103F-16F7-4668-BE54-9A1E7A4F7556}") = "News.IApplication", "..\..\services\NewsService\News.IApplication\News.IApplication.csproj", "{A634BFF9-F642-49F3-8AD9-96A3EF0CAE57}"
EndProject
Project("{9A19103F-16F7-4668-BE54-9A1E7A4F7556}") = "News.Domain.Shared", "..\..\services\NewsService\News.Domain.Shared\News.Domain.Shared.csproj", "{7B85667B-236B-49E8-BA7C-99AE50F88495}"
EndProject
Project("{9A19103F-16F7-4668-BE54-9A1E7A4F7556}") = "News.Common", "..\..\services\NewsService\News.Common\News.Common.csproj", "{5AFEE8BC-4728-44EA-8383-AF1CD2DC93E6}"
EndProject
Project("{9A19103F-16F7-4668-BE54-9A1E7A4F7556}") = "Surging.Core.Dapper", "..\..\surging\src\Surging.Core\Surging.Core.Dapper\Surging.Core.Dapper.csproj", "{8361299C-6DDF-425C-A4EE-C5E8AE688D4F}"
EndProject
Project("{9A19103F-16F7-4668-BE54-9A1E7A4F7556}") = "Surging.Core.Domain", "..\..\surging\src\Surging.Core\Surging.Core.Domain\Surging.Core.Domain.csproj", "{0A5F7D03-0292-4466-A214-7065CB0FC404}"
EndProject
Project("{2150E333-8FDC-42A3-9474-1A3956D46DE8}") = "HomeService", "HomeService", "{CBDF2A7C-0B15-48D8-9451-51EABBFE52A0}"
EndProject
Project("{9A19103F-16F7-4668-BE54-9A1E7A4F7556}") = "HomeHost", "..\..\services\HomeService\HomeHost\HomeHost.csproj", "{C2EE91DB-8F04-4CE0-9E32-8E6075F88775}"
EndProject
Global
	GlobalSection(SolutionConfigurationPlatforms) = preSolution
		Debug|Any CPU = Debug|Any CPU
		Release|Any CPU = Release|Any CPU
	EndGlobalSection
	GlobalSection(ProjectConfigurationPlatforms) = postSolution
		{BC749EE8-830E-4F07-8B7F-8348161EB24A}.Debug|Any CPU.ActiveCfg = Debug|Any CPU
		{BC749EE8-830E-4F07-8B7F-8348161EB24A}.Debug|Any CPU.Build.0 = Debug|Any CPU
		{BC749EE8-830E-4F07-8B7F-8348161EB24A}.Release|Any CPU.ActiveCfg = Release|Any CPU
		{BC749EE8-830E-4F07-8B7F-8348161EB24A}.Release|Any CPU.Build.0 = Release|Any CPU
		{6A49E33B-F234-4C61-85D9-7387099F9372}.Debug|Any CPU.ActiveCfg = Debug|Any CPU
		{6A49E33B-F234-4C61-85D9-7387099F9372}.Debug|Any CPU.Build.0 = Debug|Any CPU
		{6A49E33B-F234-4C61-85D9-7387099F9372}.Release|Any CPU.ActiveCfg = Release|Any CPU
		{6A49E33B-F234-4C61-85D9-7387099F9372}.Release|Any CPU.Build.0 = Release|Any CPU
		{4BC80983-9AA4-42EE-AEF5-A880D2F125B2}.Debug|Any CPU.ActiveCfg = Debug|Any CPU
		{4BC80983-9AA4-42EE-AEF5-A880D2F125B2}.Debug|Any CPU.Build.0 = Debug|Any CPU
		{4BC80983-9AA4-42EE-AEF5-A880D2F125B2}.Release|Any CPU.ActiveCfg = Release|Any CPU
		{4BC80983-9AA4-42EE-AEF5-A880D2F125B2}.Release|Any CPU.Build.0 = Release|Any CPU
		{CE1E05E3-FB48-409A-BB83-46DBB7A05A21}.Debug|Any CPU.ActiveCfg = Debug|Any CPU
		{CE1E05E3-FB48-409A-BB83-46DBB7A05A21}.Debug|Any CPU.Build.0 = Debug|Any CPU
		{CE1E05E3-FB48-409A-BB83-46DBB7A05A21}.Release|Any CPU.ActiveCfg = Release|Any CPU
		{CE1E05E3-FB48-409A-BB83-46DBB7A05A21}.Release|Any CPU.Build.0 = Release|Any CPU
		{C0F3608A-5D89-4762-8758-DFA34D0FEA5C}.Debug|Any CPU.ActiveCfg = Debug|Any CPU
		{C0F3608A-5D89-4762-8758-DFA34D0FEA5C}.Debug|Any CPU.Build.0 = Debug|Any CPU
		{C0F3608A-5D89-4762-8758-DFA34D0FEA5C}.Release|Any CPU.ActiveCfg = Release|Any CPU
		{C0F3608A-5D89-4762-8758-DFA34D0FEA5C}.Release|Any CPU.Build.0 = Release|Any CPU
		{E69FEA00-0D55-4CB1-92DC-89EC41B936DD}.Debug|Any CPU.ActiveCfg = Debug|Any CPU
		{E69FEA00-0D55-4CB1-92DC-89EC41B936DD}.Debug|Any CPU.Build.0 = Debug|Any CPU
		{E69FEA00-0D55-4CB1-92DC-89EC41B936DD}.Release|Any CPU.ActiveCfg = Release|Any CPU
		{E69FEA00-0D55-4CB1-92DC-89EC41B936DD}.Release|Any CPU.Build.0 = Release|Any CPU
		{0A1995A1-708A-40A1-9DCC-7F5E027E273C}.Debug|Any CPU.ActiveCfg = Debug|Any CPU
		{0A1995A1-708A-40A1-9DCC-7F5E027E273C}.Debug|Any CPU.Build.0 = Debug|Any CPU
		{0A1995A1-708A-40A1-9DCC-7F5E027E273C}.Release|Any CPU.ActiveCfg = Release|Any CPU
		{0A1995A1-708A-40A1-9DCC-7F5E027E273C}.Release|Any CPU.Build.0 = Release|Any CPU
		{26EDD94A-BAEB-4955-863F-D6C75C6C22A0}.Debug|Any CPU.ActiveCfg = Debug|Any CPU
		{26EDD94A-BAEB-4955-863F-D6C75C6C22A0}.Debug|Any CPU.Build.0 = Debug|Any CPU
		{26EDD94A-BAEB-4955-863F-D6C75C6C22A0}.Release|Any CPU.ActiveCfg = Release|Any CPU
		{26EDD94A-BAEB-4955-863F-D6C75C6C22A0}.Release|Any CPU.Build.0 = Release|Any CPU
		{E6D450A5-DBCF-4F6B-94D9-B7B2C095A08F}.Debug|Any CPU.ActiveCfg = Debug|Any CPU
		{E6D450A5-DBCF-4F6B-94D9-B7B2C095A08F}.Debug|Any CPU.Build.0 = Debug|Any CPU
		{E6D450A5-DBCF-4F6B-94D9-B7B2C095A08F}.Release|Any CPU.ActiveCfg = Release|Any CPU
		{E6D450A5-DBCF-4F6B-94D9-B7B2C095A08F}.Release|Any CPU.Build.0 = Release|Any CPU
		{96981BB9-54C4-4363-9CD2-6943BDD247CE}.Debug|Any CPU.ActiveCfg = Debug|Any CPU
		{96981BB9-54C4-4363-9CD2-6943BDD247CE}.Debug|Any CPU.Build.0 = Debug|Any CPU
		{96981BB9-54C4-4363-9CD2-6943BDD247CE}.Release|Any CPU.ActiveCfg = Release|Any CPU
		{96981BB9-54C4-4363-9CD2-6943BDD247CE}.Release|Any CPU.Build.0 = Release|Any CPU
		{06916C05-D644-43E8-A973-D7A56BDE04F4}.Debug|Any CPU.ActiveCfg = Debug|Any CPU
		{06916C05-D644-43E8-A973-D7A56BDE04F4}.Debug|Any CPU.Build.0 = Debug|Any CPU
		{06916C05-D644-43E8-A973-D7A56BDE04F4}.Release|Any CPU.ActiveCfg = Release|Any CPU
		{06916C05-D644-43E8-A973-D7A56BDE04F4}.Release|Any CPU.Build.0 = Release|Any CPU
		{202A1352-CB45-4564-901E-603C6758B627}.Debug|Any CPU.ActiveCfg = Debug|Any CPU
		{202A1352-CB45-4564-901E-603C6758B627}.Debug|Any CPU.Build.0 = Debug|Any CPU
		{202A1352-CB45-4564-901E-603C6758B627}.Release|Any CPU.ActiveCfg = Release|Any CPU
		{202A1352-CB45-4564-901E-603C6758B627}.Release|Any CPU.Build.0 = Release|Any CPU
		{24686A9B-9B18-4A62-B78B-6756AB055342}.Debug|Any CPU.ActiveCfg = Debug|Any CPU
		{24686A9B-9B18-4A62-B78B-6756AB055342}.Debug|Any CPU.Build.0 = Debug|Any CPU
		{24686A9B-9B18-4A62-B78B-6756AB055342}.Release|Any CPU.ActiveCfg = Release|Any CPU
		{24686A9B-9B18-4A62-B78B-6756AB055342}.Release|Any CPU.Build.0 = Release|Any CPU
		{05F852A0-D7FC-46F0-A9FE-2D603B581062}.Debug|Any CPU.ActiveCfg = Debug|Any CPU
		{05F852A0-D7FC-46F0-A9FE-2D603B581062}.Debug|Any CPU.Build.0 = Debug|Any CPU
		{05F852A0-D7FC-46F0-A9FE-2D603B581062}.Release|Any CPU.ActiveCfg = Release|Any CPU
		{05F852A0-D7FC-46F0-A9FE-2D603B581062}.Release|Any CPU.Build.0 = Release|Any CPU
		{8E0C9359-0048-46B1-BC7F-1BFDAE8CD598}.Debug|Any CPU.ActiveCfg = Debug|Any CPU
		{8E0C9359-0048-46B1-BC7F-1BFDAE8CD598}.Debug|Any CPU.Build.0 = Debug|Any CPU
		{8E0C9359-0048-46B1-BC7F-1BFDAE8CD598}.Release|Any CPU.ActiveCfg = Release|Any CPU
		{8E0C9359-0048-46B1-BC7F-1BFDAE8CD598}.Release|Any CPU.Build.0 = Release|Any CPU
		{C138CD38-BDC2-4875-87B0-B6E688E51F67}.Debug|Any CPU.ActiveCfg = Debug|Any CPU
		{C138CD38-BDC2-4875-87B0-B6E688E51F67}.Debug|Any CPU.Build.0 = Debug|Any CPU
		{C138CD38-BDC2-4875-87B0-B6E688E51F67}.Release|Any CPU.ActiveCfg = Release|Any CPU
		{C138CD38-BDC2-4875-87B0-B6E688E51F67}.Release|Any CPU.Build.0 = Release|Any CPU
		{E9773D0F-E40D-4B95-A6C2-2CFAFFF332DA}.Debug|Any CPU.ActiveCfg = Debug|Any CPU
		{E9773D0F-E40D-4B95-A6C2-2CFAFFF332DA}.Debug|Any CPU.Build.0 = Debug|Any CPU
		{E9773D0F-E40D-4B95-A6C2-2CFAFFF332DA}.Release|Any CPU.ActiveCfg = Release|Any CPU
		{E9773D0F-E40D-4B95-A6C2-2CFAFFF332DA}.Release|Any CPU.Build.0 = Release|Any CPU
		{16972A54-A535-46C4-BFDC-661FD7B7CBC8}.Debug|Any CPU.ActiveCfg = Debug|Any CPU
		{16972A54-A535-46C4-BFDC-661FD7B7CBC8}.Debug|Any CPU.Build.0 = Debug|Any CPU
		{16972A54-A535-46C4-BFDC-661FD7B7CBC8}.Release|Any CPU.ActiveCfg = Release|Any CPU
		{16972A54-A535-46C4-BFDC-661FD7B7CBC8}.Release|Any CPU.Build.0 = Release|Any CPU
		{121F94FC-9259-4E72-AA51-D9BCF5A175AD}.Debug|Any CPU.ActiveCfg = Debug|Any CPU
		{121F94FC-9259-4E72-AA51-D9BCF5A175AD}.Debug|Any CPU.Build.0 = Debug|Any CPU
		{121F94FC-9259-4E72-AA51-D9BCF5A175AD}.Release|Any CPU.ActiveCfg = Release|Any CPU
		{121F94FC-9259-4E72-AA51-D9BCF5A175AD}.Release|Any CPU.Build.0 = Release|Any CPU
		{39309B3E-8B49-4357-AC32-10AEDBA3A335}.Debug|Any CPU.ActiveCfg = Debug|Any CPU
		{39309B3E-8B49-4357-AC32-10AEDBA3A335}.Debug|Any CPU.Build.0 = Debug|Any CPU
		{39309B3E-8B49-4357-AC32-10AEDBA3A335}.Release|Any CPU.ActiveCfg = Release|Any CPU
		{39309B3E-8B49-4357-AC32-10AEDBA3A335}.Release|Any CPU.Build.0 = Release|Any CPU
		{84900EDE-D601-46A2-A8ED-E28918FDEB36}.Debug|Any CPU.ActiveCfg = Debug|Any CPU
		{84900EDE-D601-46A2-A8ED-E28918FDEB36}.Debug|Any CPU.Build.0 = Debug|Any CPU
		{84900EDE-D601-46A2-A8ED-E28918FDEB36}.Release|Any CPU.ActiveCfg = Release|Any CPU
		{84900EDE-D601-46A2-A8ED-E28918FDEB36}.Release|Any CPU.Build.0 = Release|Any CPU
		{C5C8765F-8A8A-4EF7-BE9D-EAD52CFBF7B1}.Debug|Any CPU.ActiveCfg = Debug|Any CPU
		{C5C8765F-8A8A-4EF7-BE9D-EAD52CFBF7B1}.Debug|Any CPU.Build.0 = Debug|Any CPU
		{C5C8765F-8A8A-4EF7-BE9D-EAD52CFBF7B1}.Release|Any CPU.ActiveCfg = Release|Any CPU
		{C5C8765F-8A8A-4EF7-BE9D-EAD52CFBF7B1}.Release|Any CPU.Build.0 = Release|Any CPU
		{2F91BA54-4935-49B1-B9F3-48434A5C4E16}.Debug|Any CPU.ActiveCfg = Debug|Any CPU
		{2F91BA54-4935-49B1-B9F3-48434A5C4E16}.Debug|Any CPU.Build.0 = Debug|Any CPU
		{2F91BA54-4935-49B1-B9F3-48434A5C4E16}.Release|Any CPU.ActiveCfg = Release|Any CPU
		{2F91BA54-4935-49B1-B9F3-48434A5C4E16}.Release|Any CPU.Build.0 = Release|Any CPU
		{85EE0442-E80A-4B09-A303-B4F440322308}.Debug|Any CPU.ActiveCfg = Debug|Any CPU
		{85EE0442-E80A-4B09-A303-B4F440322308}.Debug|Any CPU.Build.0 = Debug|Any CPU
		{85EE0442-E80A-4B09-A303-B4F440322308}.Release|Any CPU.ActiveCfg = Release|Any CPU
		{85EE0442-E80A-4B09-A303-B4F440322308}.Release|Any CPU.Build.0 = Release|Any CPU
		{FE834525-91D5-45F3-B4B9-E91F4D478925}.Debug|Any CPU.ActiveCfg = Debug|Any CPU
		{FE834525-91D5-45F3-B4B9-E91F4D478925}.Debug|Any CPU.Build.0 = Debug|Any CPU
		{FE834525-91D5-45F3-B4B9-E91F4D478925}.Release|Any CPU.ActiveCfg = Release|Any CPU
		{FE834525-91D5-45F3-B4B9-E91F4D478925}.Release|Any CPU.Build.0 = Release|Any CPU
		{7DAAB3CF-EB06-4C6A-A628-0841991B850B}.Debug|Any CPU.ActiveCfg = Debug|Any CPU
		{7DAAB3CF-EB06-4C6A-A628-0841991B850B}.Debug|Any CPU.Build.0 = Debug|Any CPU
		{7DAAB3CF-EB06-4C6A-A628-0841991B850B}.Release|Any CPU.ActiveCfg = Release|Any CPU
		{7DAAB3CF-EB06-4C6A-A628-0841991B850B}.Release|Any CPU.Build.0 = Release|Any CPU
		{11CD875B-CBAD-4F79-8368-61F6B9BC9845}.Debug|Any CPU.ActiveCfg = Debug|Any CPU
		{11CD875B-CBAD-4F79-8368-61F6B9BC9845}.Debug|Any CPU.Build.0 = Debug|Any CPU
		{11CD875B-CBAD-4F79-8368-61F6B9BC9845}.Release|Any CPU.ActiveCfg = Release|Any CPU
		{11CD875B-CBAD-4F79-8368-61F6B9BC9845}.Release|Any CPU.Build.0 = Release|Any CPU
		{1603FEF3-B864-4ABE-9C88-9FF66BEB3BD5}.Debug|Any CPU.ActiveCfg = Debug|Any CPU
		{1603FEF3-B864-4ABE-9C88-9FF66BEB3BD5}.Debug|Any CPU.Build.0 = Debug|Any CPU
		{1603FEF3-B864-4ABE-9C88-9FF66BEB3BD5}.Release|Any CPU.ActiveCfg = Release|Any CPU
		{1603FEF3-B864-4ABE-9C88-9FF66BEB3BD5}.Release|Any CPU.Build.0 = Release|Any CPU
		{E4E80B02-5065-474F-9158-4385A2ECC880}.Debug|Any CPU.ActiveCfg = Debug|Any CPU
		{E4E80B02-5065-474F-9158-4385A2ECC880}.Debug|Any CPU.Build.0 = Debug|Any CPU
		{E4E80B02-5065-474F-9158-4385A2ECC880}.Release|Any CPU.ActiveCfg = Release|Any CPU
		{E4E80B02-5065-474F-9158-4385A2ECC880}.Release|Any CPU.Build.0 = Release|Any CPU
		{43B6C9FB-220D-4836-A5E8-131FA7531225}.Debug|Any CPU.ActiveCfg = Debug|Any CPU
		{43B6C9FB-220D-4836-A5E8-131FA7531225}.Debug|Any CPU.Build.0 = Debug|Any CPU
		{43B6C9FB-220D-4836-A5E8-131FA7531225}.Release|Any CPU.ActiveCfg = Release|Any CPU
		{43B6C9FB-220D-4836-A5E8-131FA7531225}.Release|Any CPU.Build.0 = Release|Any CPU
		{62F76672-2847-41E1-9A51-F0F7AC16A8FF}.Debug|Any CPU.ActiveCfg = Debug|Any CPU
		{62F76672-2847-41E1-9A51-F0F7AC16A8FF}.Debug|Any CPU.Build.0 = Debug|Any CPU
		{62F76672-2847-41E1-9A51-F0F7AC16A8FF}.Release|Any CPU.ActiveCfg = Release|Any CPU
		{62F76672-2847-41E1-9A51-F0F7AC16A8FF}.Release|Any CPU.Build.0 = Release|Any CPU
		{A634BFF9-F642-49F3-8AD9-96A3EF0CAE57}.Debug|Any CPU.ActiveCfg = Debug|Any CPU
		{A634BFF9-F642-49F3-8AD9-96A3EF0CAE57}.Debug|Any CPU.Build.0 = Debug|Any CPU
		{A634BFF9-F642-49F3-8AD9-96A3EF0CAE57}.Release|Any CPU.ActiveCfg = Release|Any CPU
		{A634BFF9-F642-49F3-8AD9-96A3EF0CAE57}.Release|Any CPU.Build.0 = Release|Any CPU
		{7B85667B-236B-49E8-BA7C-99AE50F88495}.Debug|Any CPU.ActiveCfg = Debug|Any CPU
		{7B85667B-236B-49E8-BA7C-99AE50F88495}.Debug|Any CPU.Build.0 = Debug|Any CPU
		{7B85667B-236B-49E8-BA7C-99AE50F88495}.Release|Any CPU.ActiveCfg = Release|Any CPU
		{7B85667B-236B-49E8-BA7C-99AE50F88495}.Release|Any CPU.Build.0 = Release|Any CPU
		{5AFEE8BC-4728-44EA-8383-AF1CD2DC93E6}.Debug|Any CPU.ActiveCfg = Debug|Any CPU
		{5AFEE8BC-4728-44EA-8383-AF1CD2DC93E6}.Debug|Any CPU.Build.0 = Debug|Any CPU
		{5AFEE8BC-4728-44EA-8383-AF1CD2DC93E6}.Release|Any CPU.ActiveCfg = Release|Any CPU
		{5AFEE8BC-4728-44EA-8383-AF1CD2DC93E6}.Release|Any CPU.Build.0 = Release|Any CPU
		{8361299C-6DDF-425C-A4EE-C5E8AE688D4F}.Debug|Any CPU.ActiveCfg = Debug|Any CPU
		{8361299C-6DDF-425C-A4EE-C5E8AE688D4F}.Debug|Any CPU.Build.0 = Debug|Any CPU
		{8361299C-6DDF-425C-A4EE-C5E8AE688D4F}.Release|Any CPU.ActiveCfg = Release|Any CPU
		{8361299C-6DDF-425C-A4EE-C5E8AE688D4F}.Release|Any CPU.Build.0 = Release|Any CPU
		{0A5F7D03-0292-4466-A214-7065CB0FC404}.Debug|Any CPU.ActiveCfg = Debug|Any CPU
		{0A5F7D03-0292-4466-A214-7065CB0FC404}.Debug|Any CPU.Build.0 = Debug|Any CPU
		{0A5F7D03-0292-4466-A214-7065CB0FC404}.Release|Any CPU.ActiveCfg = Release|Any CPU
		{0A5F7D03-0292-4466-A214-7065CB0FC404}.Release|Any CPU.Build.0 = Release|Any CPU
		{C2EE91DB-8F04-4CE0-9E32-8E6075F88775}.Debug|Any CPU.ActiveCfg = Debug|Any CPU
		{C2EE91DB-8F04-4CE0-9E32-8E6075F88775}.Debug|Any CPU.Build.0 = Debug|Any CPU
		{C2EE91DB-8F04-4CE0-9E32-8E6075F88775}.Release|Any CPU.ActiveCfg = Release|Any CPU
		{C2EE91DB-8F04-4CE0-9E32-8E6075F88775}.Release|Any CPU.Build.0 = Release|Any CPU
	EndGlobalSection
	GlobalSection(SolutionProperties) = preSolution
		HideSolutionNode = FALSE
	EndGlobalSection
	GlobalSection(NestedProjects) = preSolution
		{5A292262-A397-40BE-A5B6-82988AAAF204} = {1A9FE29D-EC10-4128-A954-AF34D61F150A}
		{BC749EE8-830E-4F07-8B7F-8348161EB24A} = {5A292262-A397-40BE-A5B6-82988AAAF204}
		{6A49E33B-F234-4C61-85D9-7387099F9372} = {5A292262-A397-40BE-A5B6-82988AAAF204}
		{4BC80983-9AA4-42EE-AEF5-A880D2F125B2} = {5A292262-A397-40BE-A5B6-82988AAAF204}
		{CE1E05E3-FB48-409A-BB83-46DBB7A05A21} = {5A292262-A397-40BE-A5B6-82988AAAF204}
		{C0F3608A-5D89-4762-8758-DFA34D0FEA5C} = {5A292262-A397-40BE-A5B6-82988AAAF204}
		{E69FEA00-0D55-4CB1-92DC-89EC41B936DD} = {5A292262-A397-40BE-A5B6-82988AAAF204}
		{0A1995A1-708A-40A1-9DCC-7F5E027E273C} = {5A292262-A397-40BE-A5B6-82988AAAF204}
		{26EDD94A-BAEB-4955-863F-D6C75C6C22A0} = {5A292262-A397-40BE-A5B6-82988AAAF204}
		{E6D450A5-DBCF-4F6B-94D9-B7B2C095A08F} = {5A292262-A397-40BE-A5B6-82988AAAF204}
		{96981BB9-54C4-4363-9CD2-6943BDD247CE} = {5A292262-A397-40BE-A5B6-82988AAAF204}
		{06916C05-D644-43E8-A973-D7A56BDE04F4} = {5A292262-A397-40BE-A5B6-82988AAAF204}
		{202A1352-CB45-4564-901E-603C6758B627} = {5A292262-A397-40BE-A5B6-82988AAAF204}
		{24686A9B-9B18-4A62-B78B-6756AB055342} = {5A292262-A397-40BE-A5B6-82988AAAF204}
		{05F852A0-D7FC-46F0-A9FE-2D603B581062} = {5A292262-A397-40BE-A5B6-82988AAAF204}
		{8E0C9359-0048-46B1-BC7F-1BFDAE8CD598} = {5A292262-A397-40BE-A5B6-82988AAAF204}
		{C138CD38-BDC2-4875-87B0-B6E688E51F67} = {5A292262-A397-40BE-A5B6-82988AAAF204}
		{E9773D0F-E40D-4B95-A6C2-2CFAFFF332DA} = {5A292262-A397-40BE-A5B6-82988AAAF204}
		{16972A54-A535-46C4-BFDC-661FD7B7CBC8} = {5A292262-A397-40BE-A5B6-82988AAAF204}
		{121F94FC-9259-4E72-AA51-D9BCF5A175AD} = {5A292262-A397-40BE-A5B6-82988AAAF204}
		{39309B3E-8B49-4357-AC32-10AEDBA3A335} = {5A292262-A397-40BE-A5B6-82988AAAF204}
		{84900EDE-D601-46A2-A8ED-E28918FDEB36} = {5A292262-A397-40BE-A5B6-82988AAAF204}
		{C5C8765F-8A8A-4EF7-BE9D-EAD52CFBF7B1} = {5A292262-A397-40BE-A5B6-82988AAAF204}
		{2F91BA54-4935-49B1-B9F3-48434A5C4E16} = {5A292262-A397-40BE-A5B6-82988AAAF204}
		{85EE0442-E80A-4B09-A303-B4F440322308} = {5A292262-A397-40BE-A5B6-82988AAAF204}
		{FE834525-91D5-45F3-B4B9-E91F4D478925} = {5A292262-A397-40BE-A5B6-82988AAAF204}
		{7DAAB3CF-EB06-4C6A-A628-0841991B850B} = {1A9FE29D-EC10-4128-A954-AF34D61F150A}
		{11CD875B-CBAD-4F79-8368-61F6B9BC9845} = {1A9FE29D-EC10-4128-A954-AF34D61F150A}
		{1603FEF3-B864-4ABE-9C88-9FF66BEB3BD5} = {1A9FE29D-EC10-4128-A954-AF34D61F150A}
		{60426361-7A57-4276-B657-CA5BC773FE45} = {7214128A-F996-4E35-8BA4-59A25C5C8778}
		{E4E80B02-5065-474F-9158-4385A2ECC880} = {60426361-7A57-4276-B657-CA5BC773FE45}
		{43B6C9FB-220D-4836-A5E8-131FA7531225} = {60426361-7A57-4276-B657-CA5BC773FE45}
		{62F76672-2847-41E1-9A51-F0F7AC16A8FF} = {60426361-7A57-4276-B657-CA5BC773FE45}
		{A634BFF9-F642-49F3-8AD9-96A3EF0CAE57} = {60426361-7A57-4276-B657-CA5BC773FE45}
		{7B85667B-236B-49E8-BA7C-99AE50F88495} = {60426361-7A57-4276-B657-CA5BC773FE45}
		{5AFEE8BC-4728-44EA-8383-AF1CD2DC93E6} = {60426361-7A57-4276-B657-CA5BC773FE45}
		{8361299C-6DDF-425C-A4EE-C5E8AE688D4F} = {5A292262-A397-40BE-A5B6-82988AAAF204}
		{0A5F7D03-0292-4466-A214-7065CB0FC404} = {5A292262-A397-40BE-A5B6-82988AAAF204}
		{CBDF2A7C-0B15-48D8-9451-51EABBFE52A0} = {7214128A-F996-4E35-8BA4-59A25C5C8778}
		{C2EE91DB-8F04-4CE0-9E32-8E6075F88775} = {CBDF2A7C-0B15-48D8-9451-51EABBFE52A0}
	EndGlobalSection
	GlobalSection(ExtensibilityGlobals) = postSolution
		SolutionGuid = {30D726D9-529F-4E77-9EFA-D8E8058AA6B3}
	EndGlobalSection
EndGlobal
