
Microsoft Visual Studio Solution File, Format Version 12.00
# Visual Studio Version 16
VisualStudioVersion = 16.0.29009.5
MinimumVisualStudioVersion = 10.0.40219.1
Project("{2150E333-8FDC-42A3-9474-1A3956D46DE8}") = "Services", "Services", "{E4A239A9-0D0A-4DDF-82AD-77F7F6BAA2EE}"
EndProject
Project("{2150E333-8FDC-42A3-9474-1A3956D46DE8}") = "News", "News", "{A2C54081-7391-4973-BB35-A138BD416D41}"
EndProject
Project("{FAE04EC0-301F-11D3-BF4B-00C04F79EFBC}") = "Liu.News.ServerHost", "..\services\Liu.News.ServerHost\Liu.News.ServerHost.csproj", "{9627730E-382B-4B8B-8B1A-CEB08D3E858A}"
EndProject
Project("{2150E333-8FDC-42A3-9474-1A3956D46DE8}") = "Shared", "Shared", "{84EDF735-7C57-431B-B0B9-6474A027902A}"
EndProject
Project("{2150E333-8FDC-42A3-9474-1A3956D46DE8}") = "Configs", "Configs", "{FCC4CD54-1CA2-4E70-8294-17C15000F47A}"
EndProject
Global
	GlobalSection(SolutionConfigurationPlatforms) = preSolution
		Debug|Any CPU = Debug|Any CPU
		Release|Any CPU = Release|Any CPU
	EndGlobalSection
	GlobalSection(ProjectConfigurationPlatforms) = postSolution
		{9627730E-382B-4B8B-8B1A-CEB08D3E858A}.Debug|Any CPU.ActiveCfg = Debug|Any CPU
		{9627730E-382B-4B8B-8B1A-CEB08D3E858A}.Debug|Any CPU.Build.0 = Debug|Any CPU
		{9627730E-382B-4B8B-8B1A-CEB08D3E858A}.Release|Any CPU.ActiveCfg = Release|Any CPU
		{9627730E-382B-4B8B-8B1A-CEB08D3E858A}.Release|Any CPU.Build.0 = Release|Any CPU
	EndGlobalSection
	GlobalSection(SolutionProperties) = preSolution
		HideSolutionNode = FALSE
	EndGlobalSection
	GlobalSection(NestedProjects) = preSolution
		{A2C54081-7391-4973-BB35-A138BD416D41} = {E4A239A9-0D0A-4DDF-82AD-77F7F6BAA2EE}
		{9627730E-382B-4B8B-8B1A-CEB08D3E858A} = {A2C54081-7391-4973-BB35-A138BD416D41}
		{FCC4CD54-1CA2-4E70-8294-17C15000F47A} = {84EDF735-7C57-431B-B0B9-6474A027902A}
	EndGlobalSection
	GlobalSection(ExtensibilityGlobals) = postSolution
		SolutionGuid = {D6B0E3FA-64E0-4FCE-874E-AD3CE5B20734}
	EndGlobalSection
EndGlobal
