
Microsoft Visual Studio Solution File, Format Version 12.00
# Visual Studio Version 16
VisualStudioVersion = 16.0.29009.5
MinimumVisualStudioVersion = 10.0.40219.1
Project("{9A19103F-16F7-4668-BE54-9A1E7A4F7556}") = "Microliu.Utils", "Microliu.Utils\Microliu.Utils\Microliu.Utils.csproj", "{AEDEC798-51C9-4BE7-BEAD-9CBDC8D7163A}"
EndProject
Project("{2150E333-8FDC-42A3-9474-1A3956D46DE8}") = "Microliu.Services", "Microliu.Services", "{052D9C23-996F-430C-8E5A-316BB053407E}"
	ProjectSection(SolutionItems) = preProject
		README.txt = README.txt
	EndProjectSection
EndProject
Project("{2150E333-8FDC-42A3-9474-1A3956D46DE8}") = "Test", "Test", "{3030D236-A055-419B-B3E6-367500621BC3}"
EndProject
Project("{9A19103F-16F7-4668-BE54-9A1E7A4F7556}") = "Microliu.BizLogger", "Services\Microliu.BizLogger\Microliu.BizLogger.csproj", "{E0077250-682B-492B-B251-588DE132A6E2}"
EndProject
Project("{9A19103F-16F7-4668-BE54-9A1E7A4F7556}") = "Microliu.SMS", "Services\Microliu.SMS\Microliu.SMS.csproj", "{42EBFCCA-5D12-4F19-BAD2-3E108FDFE443}"
EndProject
Project("{2150E333-8FDC-42A3-9474-1A3956D46DE8}") = "Doc", "Doc", "{A379F5E1-443C-4A2C-AFB2-558BAD623490}"
	ProjectSection(SolutionItems) = preProject
		..\README.md = ..\README.md
	EndProjectSection
EndProject
Project("{9A19103F-16F7-4668-BE54-9A1E7A4F7556}") = "Microliu.Test.Consumer", "Test\Microliu.Test.Consumer\Microliu.Test.Consumer.csproj", "{8CD8EE32-E1B2-4C9D-8D90-1E6AD55F6EED}"
EndProject
Project("{9A19103F-16F7-4668-BE54-9A1E7A4F7556}") = "RestTemplateCore", "Services\RestTemplateCore\RestTemplateCore.csproj", "{69684654-8690-4F32-81D7-4EDDFF747186}"
EndProject
Project("{9A19103F-16F7-4668-BE54-9A1E7A4F7556}") = "Microliu.Test.AOP", "Services\Microliu.Test.AOP\Microliu.Test.AOP.csproj", "{D2D21525-7568-4983-BD67-2B2388502875}"
EndProject
Project("{9A19103F-16F7-4668-BE54-9A1E7A4F7556}") = "Microliu.Test.Hystrix", "Test\Microliu.Test.Hystrix\Microliu.Test.Hystrix.csproj", "{2181F2A5-F862-41B5-9381-D4852686C3A8}"
EndProject
Project("{9A19103F-16F7-4668-BE54-9A1E7A4F7556}") = "Microliu.Test.WebApiHystrix", "Test\Microliu.Test.WebApiHystrix\Microliu.Test.WebApiHystrix.csproj", "{368B5250-C304-48AA-846A-38FC697341A5}"
EndProject
Project("{9A19103F-16F7-4668-BE54-9A1E7A4F7556}") = "Microliu.Core.Consul", "Microliu.Core\Microliu.Core.Consul\Microliu.Core.Consul.csproj", "{ED86C498-A7CB-4C09-B637-4A638707F1B3}"
EndProject
Project("{2150E333-8FDC-42A3-9474-1A3956D46DE8}") = "Microliu.Core", "Microliu.Core", "{39F95D1B-AAE4-4FE1-9E1D-CCB59767A3F1}"
EndProject
Project("{9A19103F-16F7-4668-BE54-9A1E7A4F7556}") = "Microliu.Core.Hystrix", "Microliu.Core\Microliu.Core.Hystrix\Microliu.Core.Hystrix.csproj", "{292B1EE8-58B7-4BFF-8EB2-0AFA08D2A234}"
EndProject
Project("{9A19103F-16F7-4668-BE54-9A1E7A4F7556}") = "Microliu.Core.Hystrix.Extensions.DI", "Microliu.Core\Microliu.Core.Hystrix.Extensions.DI\Microliu.Core.Hystrix.Extensions.DI.csproj", "{582BF1EF-FFE1-4CBF-A621-12009838990D}"
EndProject
Project("{2150E333-8FDC-42A3-9474-1A3956D46DE8}") = "Order", "Order", "{363C13F2-E5C0-4CBB-B125-234B1286323F}"
EndProject
Project("{9A19103F-16F7-4668-BE54-9A1E7A4F7556}") = "Microliu.Order", "Services\Order\Microliu.Order\Microliu.Order.csproj", "{A724B969-B94C-4B07-8AC2-D57B509BF39A}"
EndProject
Project("{9A19103F-16F7-4668-BE54-9A1E7A4F7556}") = "Microliu.Core.Logger", "Microliu.Core\Microliu.Core.Logger\Microliu.Core.Logger.csproj", "{2933BEBB-A125-4C75-9AA9-5CFC2BF43F75}"
EndProject
Project("{2150E333-8FDC-42A3-9474-1A3956D46DE8}") = "BusTest", "BusTest", "{4423308F-8A60-4C9C-A05A-BBD32B6A3B06}"
EndProject
Project("{9A19103F-16F7-4668-BE54-9A1E7A4F7556}") = "ClientService", "Test\BusTest\ClientService\ClientService.csproj", "{6F1E1CEF-6269-466F-9B14-5B90EA61A196}"
EndProject
Project("{9A19103F-16F7-4668-BE54-9A1E7A4F7556}") = "NoticeService", "Test\BusTest\NoticeService\NoticeService.csproj", "{64C3B0B6-304E-422C-9085-7EBDA239E575}"
EndProject
Project("{9A19103F-16F7-4668-BE54-9A1E7A4F7556}") = "Microliu.Core.EventBusRabbitMQ", "Microliu.Core\Microliu.Core.EventBusRabbitMQ\Microliu.Core.EventBusRabbitMQ.csproj", "{D24F7D18-F409-4FBF-B23F-DA6A89272A15}"
EndProject
Project("{2150E333-8FDC-42A3-9474-1A3956D46DE8}") = "Auth", "Auth", "{6593CB91-43D8-4CAA-AEFE-F3A234B077FA}"
	ProjectSection(SolutionItems) = preProject
		Services\Auth\README.md = Services\Auth\README.md
	EndProjectSection
EndProject
Project("{9A19103F-16F7-4668-BE54-9A1E7A4F7556}") = "Microliu.Auth.Domain", "Services\Auth\Microliu.Auth.Domain\Microliu.Auth.Domain.csproj", "{819D4DAF-76DB-4D40-A0D7-DF9847B92EAA}"
EndProject
Project("{9A19103F-16F7-4668-BE54-9A1E7A4F7556}") = "Microliu.Auth.Application", "Services\Auth\Microliu.Auth.Application\Microliu.Auth.Application.csproj", "{C40C5A23-8B93-46B9-A874-838F91B31438}"
EndProject
Project("{9A19103F-16F7-4668-BE54-9A1E7A4F7556}") = "Microliu.Auth.Infrastructure", "Services\Auth\Microliu.Auth.Infrastructure\Microliu.Auth.Infrastructure.csproj", "{CB892A46-0E95-4EE5-BE2E-9E5474ED585C}"
EndProject
Project("{9A19103F-16F7-4668-BE54-9A1E7A4F7556}") = "Microliu.Auth.API", "Services\Auth\Microliu.Auth.API\Microliu.Auth.API.csproj", "{2CC7283D-1C3A-471A-B882-86A04CC28ED3}"
EndProject
Project("{9A19103F-16F7-4668-BE54-9A1E7A4F7556}") = "Microliu.Test.EFCoreCodeFirst", "Test\Microliu.Test.EFCoreCodeFirst\Microliu.Test.EFCoreCodeFirst.csproj", "{CB4F4497-20EF-470B-BDD9-EE59274DA9B6}"
EndProject
Project("{9A19103F-16F7-4668-BE54-9A1E7A4F7556}") = "Microliu.Test.AuthApplication", "Test\Microliu.Test.AuthApplication\Microliu.Test.AuthApplication.csproj", "{6097D46E-AD6F-497D-B30D-A429BBA1ECAE}"
EndProject
Project("{9A19103F-16F7-4668-BE54-9A1E7A4F7556}") = "Microliu.Auth.Data", "Services\Auth\Microliu.Auth.Data\Microliu.Auth.Data.csproj", "{FBCBD757-1D2D-4D60-84DC-37C93FD24C42}"
EndProject
Project("{2150E333-8FDC-42A3-9474-1A3956D46DE8}") = "FileService", "FileService", "{E59F4682-D35C-464A-B99B-87E6C32E67A8}"
EndProject
Project("{9A19103F-16F7-4668-BE54-9A1E7A4F7556}") = "Microliu.FileService.Domain", "Services\FileService\Microliu.FileService.Domain\Microliu.FileService.Domain.csproj", "{4E4A0BDE-7D53-4106-983C-F2FD70913BC2}"
EndProject
Project("{9A19103F-16F7-4668-BE54-9A1E7A4F7556}") = "Microliu.FileService.Data", "Services\FileService\Microliu.FileService.Data\Microliu.FileService.Data.csproj", "{40F9AD74-62D2-4F30-9C9B-398D76C1336D}"
EndProject
Project("{9A19103F-16F7-4668-BE54-9A1E7A4F7556}") = "Microliu.FileService.Infrastructure", "Services\FileService\Microliu.FileService.Infrastructure\Microliu.FileService.Infrastructure.csproj", "{15CE47F7-518E-4AB6-BD03-C5815B83E74C}"
EndProject
Project("{9A19103F-16F7-4668-BE54-9A1E7A4F7556}") = "Microliu.FileService.Application", "Services\FileService\Microliu.FileService.Application\Microliu.FileService.Application.csproj", "{6BFFC008-F453-49D4-9097-2E15CF4AFC37}"
EndProject
Project("{9A19103F-16F7-4668-BE54-9A1E7A4F7556}") = "Microliu.FileService.API", "Services\FileService\Microliu.FileService.API\Microliu.FileService.API.csproj", "{66899FB6-9A3F-4907-9729-52D4D47CD8B8}"
EndProject
Project("{9A19103F-16F7-4668-BE54-9A1E7A4F7556}") = "FastDFS", "Services\FileService\Microliu.FastDFS\FastDFS.csproj", "{BBF1D4EA-836A-4569-838E-4B8F5FEB4BB2}"
EndProject
Project("{2150E333-8FDC-42A3-9474-1A3956D46DE8}") = "EmailService", "EmailService", "{A170BC94-98F6-404E-8E08-D1C9CF0366A0}"
EndProject
Project("{9A19103F-16F7-4668-BE54-9A1E7A4F7556}") = "Microliu.EmailService.API", "Services\EmailService\Microliu.EmailService\Microliu.EmailService.API.csproj", "{98E1753E-AD01-42C2-9641-08D6412E8E4E}"
EndProject
Project("{9A19103F-16F7-4668-BE54-9A1E7A4F7556}") = "Microliu.EmailService.Infrastructure", "Services\EmailService\Microliu.EmailService.Infrastructure\Microliu.EmailService.Infrastructure.csproj", "{2421D8CA-0D5E-430C-9048-DD49AEA8FA45}"
EndProject
Project("{9A19103F-16F7-4668-BE54-9A1E7A4F7556}") = "Microliu.EmailService.Domain", "Services\EmailService\Microliu.EmailService.Domain\Microliu.EmailService.Domain.csproj", "{52C0AD11-10E8-40DE-A4FD-49DFA9AF3690}"
EndProject
Project("{9A19103F-16F7-4668-BE54-9A1E7A4F7556}") = "Microliu.EmailService.Data", "Services\EmailService\Microliu.EmailService.Data\Microliu.EmailService.Data.csproj", "{4BB201F0-E9CA-47D0-A477-49F66DCE943E}"
EndProject
Project("{9A19103F-16F7-4668-BE54-9A1E7A4F7556}") = "Microliu.EmailService.Application", "Services\EmailService\Microliu.EmailService.Application\Microliu.EmailService.Application.csproj", "{948DB588-3269-47D8-812F-67CFF69CD00F}"
EndProject
Project("{9A19103F-16F7-4668-BE54-9A1E7A4F7556}") = "Microliu.EmailService", "Services\Microliu.EmailService.Bak\Microliu.EmailService\Microliu.EmailService.csproj", "{6C281461-2823-4FFB-A279-C79559CDDDE6}"
EndProject
Project("{2150E333-8FDC-42A3-9474-1A3956D46DE8}") = "ServicesTest", "ServicesTest", "{BEE03F33-DFD7-4520-8F32-631A94BAB339}"
EndProject
Project("{2150E333-8FDC-42A3-9474-1A3956D46DE8}") = "OthersTest", "OthersTest", "{3B957BD8-8B6C-4F62-A267-EDEE890648A8}"
EndProject
Project("{9A19103F-16F7-4668-BE54-9A1E7A4F7556}") = "Microliu.Core.Redis", "Microliu.Core\Microliu.Core.Redis\Microliu.Core.Redis.csproj", "{12A6D686-3FE8-4D84-BC6C-BFF4343A6C63}"
EndProject
Project("{9A19103F-16F7-4668-BE54-9A1E7A4F7556}") = "Microliu.EmailService.Application.Test", "Test\services.test\Microliu.EmailService.Application.Test\Microliu.EmailService.Application.Test.csproj", "{A6EA906E-4C55-48A3-A168-04E845F93ACC}"
EndProject
Project("{9A19103F-16F7-4668-BE54-9A1E7A4F7556}") = "Microliu.IdentityServer", "Microliu.IdentityServer\Microliu.IdentityServer\Microliu.IdentityServer.csproj", "{9C4AD0DE-9428-46AD-8537-D2DCC4DEDE35}"
EndProject
Project("{9A19103F-16F7-4668-BE54-9A1E7A4F7556}") = "Microliu.ApiGateway", "Microliu.ApiGateway\Ocelet\Microliu.ApiGateway.csproj", "{B24A733C-584F-49F0-97E5-D7F1A42CA266}"
EndProject
Global
	GlobalSection(SolutionConfigurationPlatforms) = preSolution
		Debug|Any CPU = Debug|Any CPU
		Release|Any CPU = Release|Any CPU
	EndGlobalSection
	GlobalSection(ProjectConfigurationPlatforms) = postSolution
		{AEDEC798-51C9-4BE7-BEAD-9CBDC8D7163A}.Debug|Any CPU.ActiveCfg = Debug|Any CPU
		{AEDEC798-51C9-4BE7-BEAD-9CBDC8D7163A}.Debug|Any CPU.Build.0 = Debug|Any CPU
		{AEDEC798-51C9-4BE7-BEAD-9CBDC8D7163A}.Release|Any CPU.ActiveCfg = Release|Any CPU
		{AEDEC798-51C9-4BE7-BEAD-9CBDC8D7163A}.Release|Any CPU.Build.0 = Release|Any CPU
		{E0077250-682B-492B-B251-588DE132A6E2}.Debug|Any CPU.ActiveCfg = Debug|Any CPU
		{E0077250-682B-492B-B251-588DE132A6E2}.Debug|Any CPU.Build.0 = Debug|Any CPU
		{E0077250-682B-492B-B251-588DE132A6E2}.Release|Any CPU.ActiveCfg = Release|Any CPU
		{E0077250-682B-492B-B251-588DE132A6E2}.Release|Any CPU.Build.0 = Release|Any CPU
		{42EBFCCA-5D12-4F19-BAD2-3E108FDFE443}.Debug|Any CPU.ActiveCfg = Debug|Any CPU
		{42EBFCCA-5D12-4F19-BAD2-3E108FDFE443}.Debug|Any CPU.Build.0 = Debug|Any CPU
		{42EBFCCA-5D12-4F19-BAD2-3E108FDFE443}.Release|Any CPU.ActiveCfg = Release|Any CPU
		{42EBFCCA-5D12-4F19-BAD2-3E108FDFE443}.Release|Any CPU.Build.0 = Release|Any CPU
		{8CD8EE32-E1B2-4C9D-8D90-1E6AD55F6EED}.Debug|Any CPU.ActiveCfg = Debug|Any CPU
		{8CD8EE32-E1B2-4C9D-8D90-1E6AD55F6EED}.Debug|Any CPU.Build.0 = Debug|Any CPU
		{8CD8EE32-E1B2-4C9D-8D90-1E6AD55F6EED}.Release|Any CPU.ActiveCfg = Release|Any CPU
		{8CD8EE32-E1B2-4C9D-8D90-1E6AD55F6EED}.Release|Any CPU.Build.0 = Release|Any CPU
		{69684654-8690-4F32-81D7-4EDDFF747186}.Debug|Any CPU.ActiveCfg = Debug|Any CPU
		{69684654-8690-4F32-81D7-4EDDFF747186}.Debug|Any CPU.Build.0 = Debug|Any CPU
		{69684654-8690-4F32-81D7-4EDDFF747186}.Release|Any CPU.ActiveCfg = Release|Any CPU
		{69684654-8690-4F32-81D7-4EDDFF747186}.Release|Any CPU.Build.0 = Release|Any CPU
		{D2D21525-7568-4983-BD67-2B2388502875}.Debug|Any CPU.ActiveCfg = Debug|Any CPU
		{D2D21525-7568-4983-BD67-2B2388502875}.Debug|Any CPU.Build.0 = Debug|Any CPU
		{D2D21525-7568-4983-BD67-2B2388502875}.Release|Any CPU.ActiveCfg = Release|Any CPU
		{D2D21525-7568-4983-BD67-2B2388502875}.Release|Any CPU.Build.0 = Release|Any CPU
		{2181F2A5-F862-41B5-9381-D4852686C3A8}.Debug|Any CPU.ActiveCfg = Debug|Any CPU
		{2181F2A5-F862-41B5-9381-D4852686C3A8}.Debug|Any CPU.Build.0 = Debug|Any CPU
		{2181F2A5-F862-41B5-9381-D4852686C3A8}.Release|Any CPU.ActiveCfg = Release|Any CPU
		{2181F2A5-F862-41B5-9381-D4852686C3A8}.Release|Any CPU.Build.0 = Release|Any CPU
		{368B5250-C304-48AA-846A-38FC697341A5}.Debug|Any CPU.ActiveCfg = Debug|Any CPU
		{368B5250-C304-48AA-846A-38FC697341A5}.Debug|Any CPU.Build.0 = Debug|Any CPU
		{368B5250-C304-48AA-846A-38FC697341A5}.Release|Any CPU.ActiveCfg = Release|Any CPU
		{368B5250-C304-48AA-846A-38FC697341A5}.Release|Any CPU.Build.0 = Release|Any CPU
		{ED86C498-A7CB-4C09-B637-4A638707F1B3}.Debug|Any CPU.ActiveCfg = Debug|Any CPU
		{ED86C498-A7CB-4C09-B637-4A638707F1B3}.Debug|Any CPU.Build.0 = Debug|Any CPU
		{ED86C498-A7CB-4C09-B637-4A638707F1B3}.Release|Any CPU.ActiveCfg = Release|Any CPU
		{ED86C498-A7CB-4C09-B637-4A638707F1B3}.Release|Any CPU.Build.0 = Release|Any CPU
		{292B1EE8-58B7-4BFF-8EB2-0AFA08D2A234}.Debug|Any CPU.ActiveCfg = Debug|Any CPU
		{292B1EE8-58B7-4BFF-8EB2-0AFA08D2A234}.Debug|Any CPU.Build.0 = Debug|Any CPU
		{292B1EE8-58B7-4BFF-8EB2-0AFA08D2A234}.Release|Any CPU.ActiveCfg = Release|Any CPU
		{292B1EE8-58B7-4BFF-8EB2-0AFA08D2A234}.Release|Any CPU.Build.0 = Release|Any CPU
		{582BF1EF-FFE1-4CBF-A621-12009838990D}.Debug|Any CPU.ActiveCfg = Debug|Any CPU
		{582BF1EF-FFE1-4CBF-A621-12009838990D}.Debug|Any CPU.Build.0 = Debug|Any CPU
		{582BF1EF-FFE1-4CBF-A621-12009838990D}.Release|Any CPU.ActiveCfg = Release|Any CPU
		{582BF1EF-FFE1-4CBF-A621-12009838990D}.Release|Any CPU.Build.0 = Release|Any CPU
		{A724B969-B94C-4B07-8AC2-D57B509BF39A}.Debug|Any CPU.ActiveCfg = Debug|Any CPU
		{A724B969-B94C-4B07-8AC2-D57B509BF39A}.Debug|Any CPU.Build.0 = Debug|Any CPU
		{A724B969-B94C-4B07-8AC2-D57B509BF39A}.Release|Any CPU.ActiveCfg = Release|Any CPU
		{A724B969-B94C-4B07-8AC2-D57B509BF39A}.Release|Any CPU.Build.0 = Release|Any CPU
		{2933BEBB-A125-4C75-9AA9-5CFC2BF43F75}.Debug|Any CPU.ActiveCfg = Debug|Any CPU
		{2933BEBB-A125-4C75-9AA9-5CFC2BF43F75}.Debug|Any CPU.Build.0 = Debug|Any CPU
		{2933BEBB-A125-4C75-9AA9-5CFC2BF43F75}.Release|Any CPU.ActiveCfg = Release|Any CPU
		{2933BEBB-A125-4C75-9AA9-5CFC2BF43F75}.Release|Any CPU.Build.0 = Release|Any CPU
		{6F1E1CEF-6269-466F-9B14-5B90EA61A196}.Debug|Any CPU.ActiveCfg = Debug|Any CPU
		{6F1E1CEF-6269-466F-9B14-5B90EA61A196}.Debug|Any CPU.Build.0 = Debug|Any CPU
		{6F1E1CEF-6269-466F-9B14-5B90EA61A196}.Release|Any CPU.ActiveCfg = Release|Any CPU
		{6F1E1CEF-6269-466F-9B14-5B90EA61A196}.Release|Any CPU.Build.0 = Release|Any CPU
		{64C3B0B6-304E-422C-9085-7EBDA239E575}.Debug|Any CPU.ActiveCfg = Debug|Any CPU
		{64C3B0B6-304E-422C-9085-7EBDA239E575}.Debug|Any CPU.Build.0 = Debug|Any CPU
		{64C3B0B6-304E-422C-9085-7EBDA239E575}.Release|Any CPU.ActiveCfg = Release|Any CPU
		{64C3B0B6-304E-422C-9085-7EBDA239E575}.Release|Any CPU.Build.0 = Release|Any CPU
		{D24F7D18-F409-4FBF-B23F-DA6A89272A15}.Debug|Any CPU.ActiveCfg = Debug|Any CPU
		{D24F7D18-F409-4FBF-B23F-DA6A89272A15}.Debug|Any CPU.Build.0 = Debug|Any CPU
		{D24F7D18-F409-4FBF-B23F-DA6A89272A15}.Release|Any CPU.ActiveCfg = Release|Any CPU
		{D24F7D18-F409-4FBF-B23F-DA6A89272A15}.Release|Any CPU.Build.0 = Release|Any CPU
		{819D4DAF-76DB-4D40-A0D7-DF9847B92EAA}.Debug|Any CPU.ActiveCfg = Debug|Any CPU
		{819D4DAF-76DB-4D40-A0D7-DF9847B92EAA}.Debug|Any CPU.Build.0 = Debug|Any CPU
		{819D4DAF-76DB-4D40-A0D7-DF9847B92EAA}.Release|Any CPU.ActiveCfg = Release|Any CPU
		{819D4DAF-76DB-4D40-A0D7-DF9847B92EAA}.Release|Any CPU.Build.0 = Release|Any CPU
		{C40C5A23-8B93-46B9-A874-838F91B31438}.Debug|Any CPU.ActiveCfg = Debug|Any CPU
		{C40C5A23-8B93-46B9-A874-838F91B31438}.Debug|Any CPU.Build.0 = Debug|Any CPU
		{C40C5A23-8B93-46B9-A874-838F91B31438}.Release|Any CPU.ActiveCfg = Release|Any CPU
		{C40C5A23-8B93-46B9-A874-838F91B31438}.Release|Any CPU.Build.0 = Release|Any CPU
		{CB892A46-0E95-4EE5-BE2E-9E5474ED585C}.Debug|Any CPU.ActiveCfg = Debug|Any CPU
		{CB892A46-0E95-4EE5-BE2E-9E5474ED585C}.Debug|Any CPU.Build.0 = Debug|Any CPU
		{CB892A46-0E95-4EE5-BE2E-9E5474ED585C}.Release|Any CPU.ActiveCfg = Release|Any CPU
		{CB892A46-0E95-4EE5-BE2E-9E5474ED585C}.Release|Any CPU.Build.0 = Release|Any CPU
		{2CC7283D-1C3A-471A-B882-86A04CC28ED3}.Debug|Any CPU.ActiveCfg = Debug|Any CPU
		{2CC7283D-1C3A-471A-B882-86A04CC28ED3}.Debug|Any CPU.Build.0 = Debug|Any CPU
		{2CC7283D-1C3A-471A-B882-86A04CC28ED3}.Release|Any CPU.ActiveCfg = Release|Any CPU
		{2CC7283D-1C3A-471A-B882-86A04CC28ED3}.Release|Any CPU.Build.0 = Release|Any CPU
		{CB4F4497-20EF-470B-BDD9-EE59274DA9B6}.Debug|Any CPU.ActiveCfg = Debug|Any CPU
		{CB4F4497-20EF-470B-BDD9-EE59274DA9B6}.Debug|Any CPU.Build.0 = Debug|Any CPU
		{CB4F4497-20EF-470B-BDD9-EE59274DA9B6}.Release|Any CPU.ActiveCfg = Release|Any CPU
		{CB4F4497-20EF-470B-BDD9-EE59274DA9B6}.Release|Any CPU.Build.0 = Release|Any CPU
		{6097D46E-AD6F-497D-B30D-A429BBA1ECAE}.Debug|Any CPU.ActiveCfg = Debug|Any CPU
		{6097D46E-AD6F-497D-B30D-A429BBA1ECAE}.Debug|Any CPU.Build.0 = Debug|Any CPU
		{6097D46E-AD6F-497D-B30D-A429BBA1ECAE}.Release|Any CPU.ActiveCfg = Release|Any CPU
		{6097D46E-AD6F-497D-B30D-A429BBA1ECAE}.Release|Any CPU.Build.0 = Release|Any CPU
		{FBCBD757-1D2D-4D60-84DC-37C93FD24C42}.Debug|Any CPU.ActiveCfg = Debug|Any CPU
		{FBCBD757-1D2D-4D60-84DC-37C93FD24C42}.Debug|Any CPU.Build.0 = Debug|Any CPU
		{FBCBD757-1D2D-4D60-84DC-37C93FD24C42}.Release|Any CPU.ActiveCfg = Release|Any CPU
		{FBCBD757-1D2D-4D60-84DC-37C93FD24C42}.Release|Any CPU.Build.0 = Release|Any CPU
		{4E4A0BDE-7D53-4106-983C-F2FD70913BC2}.Debug|Any CPU.ActiveCfg = Debug|Any CPU
		{4E4A0BDE-7D53-4106-983C-F2FD70913BC2}.Debug|Any CPU.Build.0 = Debug|Any CPU
		{4E4A0BDE-7D53-4106-983C-F2FD70913BC2}.Release|Any CPU.ActiveCfg = Release|Any CPU
		{4E4A0BDE-7D53-4106-983C-F2FD70913BC2}.Release|Any CPU.Build.0 = Release|Any CPU
		{40F9AD74-62D2-4F30-9C9B-398D76C1336D}.Debug|Any CPU.ActiveCfg = Debug|Any CPU
		{40F9AD74-62D2-4F30-9C9B-398D76C1336D}.Debug|Any CPU.Build.0 = Debug|Any CPU
		{40F9AD74-62D2-4F30-9C9B-398D76C1336D}.Release|Any CPU.ActiveCfg = Release|Any CPU
		{40F9AD74-62D2-4F30-9C9B-398D76C1336D}.Release|Any CPU.Build.0 = Release|Any CPU
		{15CE47F7-518E-4AB6-BD03-C5815B83E74C}.Debug|Any CPU.ActiveCfg = Debug|Any CPU
		{15CE47F7-518E-4AB6-BD03-C5815B83E74C}.Debug|Any CPU.Build.0 = Debug|Any CPU
		{15CE47F7-518E-4AB6-BD03-C5815B83E74C}.Release|Any CPU.ActiveCfg = Release|Any CPU
		{15CE47F7-518E-4AB6-BD03-C5815B83E74C}.Release|Any CPU.Build.0 = Release|Any CPU
		{6BFFC008-F453-49D4-9097-2E15CF4AFC37}.Debug|Any CPU.ActiveCfg = Debug|Any CPU
		{6BFFC008-F453-49D4-9097-2E15CF4AFC37}.Debug|Any CPU.Build.0 = Debug|Any CPU
		{6BFFC008-F453-49D4-9097-2E15CF4AFC37}.Release|Any CPU.ActiveCfg = Release|Any CPU
		{6BFFC008-F453-49D4-9097-2E15CF4AFC37}.Release|Any CPU.Build.0 = Release|Any CPU
		{66899FB6-9A3F-4907-9729-52D4D47CD8B8}.Debug|Any CPU.ActiveCfg = Debug|Any CPU
		{66899FB6-9A3F-4907-9729-52D4D47CD8B8}.Debug|Any CPU.Build.0 = Debug|Any CPU
		{66899FB6-9A3F-4907-9729-52D4D47CD8B8}.Release|Any CPU.ActiveCfg = Release|Any CPU
		{66899FB6-9A3F-4907-9729-52D4D47CD8B8}.Release|Any CPU.Build.0 = Release|Any CPU
		{BBF1D4EA-836A-4569-838E-4B8F5FEB4BB2}.Debug|Any CPU.ActiveCfg = Debug|Any CPU
		{BBF1D4EA-836A-4569-838E-4B8F5FEB4BB2}.Debug|Any CPU.Build.0 = Debug|Any CPU
		{BBF1D4EA-836A-4569-838E-4B8F5FEB4BB2}.Release|Any CPU.ActiveCfg = Release|Any CPU
		{BBF1D4EA-836A-4569-838E-4B8F5FEB4BB2}.Release|Any CPU.Build.0 = Release|Any CPU
		{98E1753E-AD01-42C2-9641-08D6412E8E4E}.Debug|Any CPU.ActiveCfg = Debug|Any CPU
		{98E1753E-AD01-42C2-9641-08D6412E8E4E}.Debug|Any CPU.Build.0 = Debug|Any CPU
		{98E1753E-AD01-42C2-9641-08D6412E8E4E}.Release|Any CPU.ActiveCfg = Release|Any CPU
		{98E1753E-AD01-42C2-9641-08D6412E8E4E}.Release|Any CPU.Build.0 = Release|Any CPU
		{2421D8CA-0D5E-430C-9048-DD49AEA8FA45}.Debug|Any CPU.ActiveCfg = Debug|Any CPU
		{2421D8CA-0D5E-430C-9048-DD49AEA8FA45}.Debug|Any CPU.Build.0 = Debug|Any CPU
		{2421D8CA-0D5E-430C-9048-DD49AEA8FA45}.Release|Any CPU.ActiveCfg = Release|Any CPU
		{2421D8CA-0D5E-430C-9048-DD49AEA8FA45}.Release|Any CPU.Build.0 = Release|Any CPU
		{52C0AD11-10E8-40DE-A4FD-49DFA9AF3690}.Debug|Any CPU.ActiveCfg = Debug|Any CPU
		{52C0AD11-10E8-40DE-A4FD-49DFA9AF3690}.Debug|Any CPU.Build.0 = Debug|Any CPU
		{52C0AD11-10E8-40DE-A4FD-49DFA9AF3690}.Release|Any CPU.ActiveCfg = Release|Any CPU
		{52C0AD11-10E8-40DE-A4FD-49DFA9AF3690}.Release|Any CPU.Build.0 = Release|Any CPU
		{4BB201F0-E9CA-47D0-A477-49F66DCE943E}.Debug|Any CPU.ActiveCfg = Debug|Any CPU
		{4BB201F0-E9CA-47D0-A477-49F66DCE943E}.Debug|Any CPU.Build.0 = Debug|Any CPU
		{4BB201F0-E9CA-47D0-A477-49F66DCE943E}.Release|Any CPU.ActiveCfg = Release|Any CPU
		{4BB201F0-E9CA-47D0-A477-49F66DCE943E}.Release|Any CPU.Build.0 = Release|Any CPU
		{948DB588-3269-47D8-812F-67CFF69CD00F}.Debug|Any CPU.ActiveCfg = Debug|Any CPU
		{948DB588-3269-47D8-812F-67CFF69CD00F}.Debug|Any CPU.Build.0 = Debug|Any CPU
		{948DB588-3269-47D8-812F-67CFF69CD00F}.Release|Any CPU.ActiveCfg = Release|Any CPU
		{948DB588-3269-47D8-812F-67CFF69CD00F}.Release|Any CPU.Build.0 = Release|Any CPU
		{6C281461-2823-4FFB-A279-C79559CDDDE6}.Debug|Any CPU.ActiveCfg = Debug|Any CPU
		{6C281461-2823-4FFB-A279-C79559CDDDE6}.Debug|Any CPU.Build.0 = Debug|Any CPU
		{6C281461-2823-4FFB-A279-C79559CDDDE6}.Release|Any CPU.ActiveCfg = Release|Any CPU
		{6C281461-2823-4FFB-A279-C79559CDDDE6}.Release|Any CPU.Build.0 = Release|Any CPU
		{12A6D686-3FE8-4D84-BC6C-BFF4343A6C63}.Debug|Any CPU.ActiveCfg = Debug|Any CPU
		{12A6D686-3FE8-4D84-BC6C-BFF4343A6C63}.Debug|Any CPU.Build.0 = Debug|Any CPU
		{12A6D686-3FE8-4D84-BC6C-BFF4343A6C63}.Release|Any CPU.ActiveCfg = Release|Any CPU
		{12A6D686-3FE8-4D84-BC6C-BFF4343A6C63}.Release|Any CPU.Build.0 = Release|Any CPU
		{A6EA906E-4C55-48A3-A168-04E845F93ACC}.Debug|Any CPU.ActiveCfg = Debug|Any CPU
		{A6EA906E-4C55-48A3-A168-04E845F93ACC}.Debug|Any CPU.Build.0 = Debug|Any CPU
		{A6EA906E-4C55-48A3-A168-04E845F93ACC}.Release|Any CPU.ActiveCfg = Release|Any CPU
		{A6EA906E-4C55-48A3-A168-04E845F93ACC}.Release|Any CPU.Build.0 = Release|Any CPU
		{9C4AD0DE-9428-46AD-8537-D2DCC4DEDE35}.Debug|Any CPU.ActiveCfg = Debug|Any CPU
		{9C4AD0DE-9428-46AD-8537-D2DCC4DEDE35}.Debug|Any CPU.Build.0 = Debug|Any CPU
		{9C4AD0DE-9428-46AD-8537-D2DCC4DEDE35}.Release|Any CPU.ActiveCfg = Release|Any CPU
		{9C4AD0DE-9428-46AD-8537-D2DCC4DEDE35}.Release|Any CPU.Build.0 = Release|Any CPU
		{B24A733C-584F-49F0-97E5-D7F1A42CA266}.Debug|Any CPU.ActiveCfg = Debug|Any CPU
		{B24A733C-584F-49F0-97E5-D7F1A42CA266}.Debug|Any CPU.Build.0 = Debug|Any CPU
		{B24A733C-584F-49F0-97E5-D7F1A42CA266}.Release|Any CPU.ActiveCfg = Release|Any CPU
		{B24A733C-584F-49F0-97E5-D7F1A42CA266}.Release|Any CPU.Build.0 = Release|Any CPU
	EndGlobalSection
	GlobalSection(SolutionProperties) = preSolution
		HideSolutionNode = FALSE
	EndGlobalSection
	GlobalSection(NestedProjects) = preSolution
		{AEDEC798-51C9-4BE7-BEAD-9CBDC8D7163A} = {39F95D1B-AAE4-4FE1-9E1D-CCB59767A3F1}
		{E0077250-682B-492B-B251-588DE132A6E2} = {052D9C23-996F-430C-8E5A-316BB053407E}
		{42EBFCCA-5D12-4F19-BAD2-3E108FDFE443} = {052D9C23-996F-430C-8E5A-316BB053407E}
		{8CD8EE32-E1B2-4C9D-8D90-1E6AD55F6EED} = {3B957BD8-8B6C-4F62-A267-EDEE890648A8}
		{69684654-8690-4F32-81D7-4EDDFF747186} = {3B957BD8-8B6C-4F62-A267-EDEE890648A8}
		{D2D21525-7568-4983-BD67-2B2388502875} = {3B957BD8-8B6C-4F62-A267-EDEE890648A8}
		{2181F2A5-F862-41B5-9381-D4852686C3A8} = {3B957BD8-8B6C-4F62-A267-EDEE890648A8}
		{368B5250-C304-48AA-846A-38FC697341A5} = {3B957BD8-8B6C-4F62-A267-EDEE890648A8}
		{ED86C498-A7CB-4C09-B637-4A638707F1B3} = {39F95D1B-AAE4-4FE1-9E1D-CCB59767A3F1}
		{292B1EE8-58B7-4BFF-8EB2-0AFA08D2A234} = {39F95D1B-AAE4-4FE1-9E1D-CCB59767A3F1}
		{582BF1EF-FFE1-4CBF-A621-12009838990D} = {39F95D1B-AAE4-4FE1-9E1D-CCB59767A3F1}
		{363C13F2-E5C0-4CBB-B125-234B1286323F} = {052D9C23-996F-430C-8E5A-316BB053407E}
		{A724B969-B94C-4B07-8AC2-D57B509BF39A} = {363C13F2-E5C0-4CBB-B125-234B1286323F}
		{2933BEBB-A125-4C75-9AA9-5CFC2BF43F75} = {39F95D1B-AAE4-4FE1-9E1D-CCB59767A3F1}
		{4423308F-8A60-4C9C-A05A-BBD32B6A3B06} = {3030D236-A055-419B-B3E6-367500621BC3}
		{6F1E1CEF-6269-466F-9B14-5B90EA61A196} = {4423308F-8A60-4C9C-A05A-BBD32B6A3B06}
		{64C3B0B6-304E-422C-9085-7EBDA239E575} = {4423308F-8A60-4C9C-A05A-BBD32B6A3B06}
		{D24F7D18-F409-4FBF-B23F-DA6A89272A15} = {39F95D1B-AAE4-4FE1-9E1D-CCB59767A3F1}
		{6593CB91-43D8-4CAA-AEFE-F3A234B077FA} = {052D9C23-996F-430C-8E5A-316BB053407E}
		{819D4DAF-76DB-4D40-A0D7-DF9847B92EAA} = {6593CB91-43D8-4CAA-AEFE-F3A234B077FA}
		{C40C5A23-8B93-46B9-A874-838F91B31438} = {6593CB91-43D8-4CAA-AEFE-F3A234B077FA}
		{CB892A46-0E95-4EE5-BE2E-9E5474ED585C} = {6593CB91-43D8-4CAA-AEFE-F3A234B077FA}
		{2CC7283D-1C3A-471A-B882-86A04CC28ED3} = {6593CB91-43D8-4CAA-AEFE-F3A234B077FA}
		{CB4F4497-20EF-470B-BDD9-EE59274DA9B6} = {3B957BD8-8B6C-4F62-A267-EDEE890648A8}
		{6097D46E-AD6F-497D-B30D-A429BBA1ECAE} = {BEE03F33-DFD7-4520-8F32-631A94BAB339}
		{FBCBD757-1D2D-4D60-84DC-37C93FD24C42} = {6593CB91-43D8-4CAA-AEFE-F3A234B077FA}
		{E59F4682-D35C-464A-B99B-87E6C32E67A8} = {052D9C23-996F-430C-8E5A-316BB053407E}
		{4E4A0BDE-7D53-4106-983C-F2FD70913BC2} = {E59F4682-D35C-464A-B99B-87E6C32E67A8}
		{40F9AD74-62D2-4F30-9C9B-398D76C1336D} = {E59F4682-D35C-464A-B99B-87E6C32E67A8}
		{15CE47F7-518E-4AB6-BD03-C5815B83E74C} = {E59F4682-D35C-464A-B99B-87E6C32E67A8}
		{6BFFC008-F453-49D4-9097-2E15CF4AFC37} = {E59F4682-D35C-464A-B99B-87E6C32E67A8}
		{66899FB6-9A3F-4907-9729-52D4D47CD8B8} = {E59F4682-D35C-464A-B99B-87E6C32E67A8}
		{BBF1D4EA-836A-4569-838E-4B8F5FEB4BB2} = {E59F4682-D35C-464A-B99B-87E6C32E67A8}
		{A170BC94-98F6-404E-8E08-D1C9CF0366A0} = {052D9C23-996F-430C-8E5A-316BB053407E}
		{98E1753E-AD01-42C2-9641-08D6412E8E4E} = {A170BC94-98F6-404E-8E08-D1C9CF0366A0}
		{2421D8CA-0D5E-430C-9048-DD49AEA8FA45} = {A170BC94-98F6-404E-8E08-D1C9CF0366A0}
		{52C0AD11-10E8-40DE-A4FD-49DFA9AF3690} = {A170BC94-98F6-404E-8E08-D1C9CF0366A0}
		{4BB201F0-E9CA-47D0-A477-49F66DCE943E} = {A170BC94-98F6-404E-8E08-D1C9CF0366A0}
		{948DB588-3269-47D8-812F-67CFF69CD00F} = {A170BC94-98F6-404E-8E08-D1C9CF0366A0}
		{6C281461-2823-4FFB-A279-C79559CDDDE6} = {052D9C23-996F-430C-8E5A-316BB053407E}
		{BEE03F33-DFD7-4520-8F32-631A94BAB339} = {3030D236-A055-419B-B3E6-367500621BC3}
		{3B957BD8-8B6C-4F62-A267-EDEE890648A8} = {3030D236-A055-419B-B3E6-367500621BC3}
		{12A6D686-3FE8-4D84-BC6C-BFF4343A6C63} = {39F95D1B-AAE4-4FE1-9E1D-CCB59767A3F1}
		{A6EA906E-4C55-48A3-A168-04E845F93ACC} = {BEE03F33-DFD7-4520-8F32-631A94BAB339}
	EndGlobalSection
	GlobalSection(ExtensibilityGlobals) = postSolution
		SolutionGuid = {2F32ECF0-6010-4F59-AC16-6FFA191BC558}
	EndGlobalSection
EndGlobal
