
Microsoft Visual Studio Solution File, Format Version 12.00
# Visual Studio Version 16
VisualStudioVersion = 16.0.29009.5
MinimumVisualStudioVersion = 10.0.40219.1
Project("{9A19103F-16F7-4668-BE54-9A1E7A4F7556}") = "Microliu.Utils", "Microliu.Utils\Microliu.Utils\Microliu.Utils.csproj", "{AEDEC798-51C9-4BE7-BEAD-9CBDC8D7163A}"
EndProject
Project("{9A19103F-16F7-4668-BE54-9A1E7A4F7556}") = "Microliu.ORM.DapperIntegration", "Microliu.Modules\Microliu.Modules.ORM.DapperIntegration\Microliu.ORM.DapperIntegration.csproj", "{5DEBDE56-EC52-4FB3-AAB0-568744432D2E}"
EndProject
Project("{2150E333-8FDC-42A3-9474-1A3956D46DE8}") = "Microliu.Modules", "Microliu.Modules", "{66A2F15D-C891-49C4-A7CE-8C614B8BD44E}"
EndProject
Project("{9A19103F-16F7-4668-BE54-9A1E7A4F7556}") = "Microliu.EventBus.MasstransitIntegration", "Microliu.Modules\Microliu.EventBus.MasstransitIntegration\Microliu.EventBus.MasstransitIntegration.csproj", "{CD2A1835-2E13-4FE4-88C2-7AC980FBEB40}"
EndProject
Project("{2150E333-8FDC-42A3-9474-1A3956D46DE8}") = "Microliu.Services", "Microliu.Services", "{052D9C23-996F-430C-8E5A-316BB053407E}"
EndProject
Project("{9A19103F-16F7-4668-BE54-9A1E7A4F7556}") = "Microliu.ApiGateway.SwaggerIntegration", "Microliu.Modules\Microliu.ApiGateway.SwaggerIntegration\Microliu.ApiGateway.SwaggerIntegration.csproj", "{88CCAFA5-04EE-42C3-B3A6-BF28DFCCC016}"
EndProject
Project("{2150E333-8FDC-42A3-9474-1A3956D46DE8}") = "Test", "Test", "{3030D236-A055-419B-B3E6-367500621BC3}"
EndProject
Project("{9A19103F-16F7-4668-BE54-9A1E7A4F7556}") = "Microliu.IdentityServer", "Services\Microliu.IdentityServer\Microliu.IdentityServer\Microliu.IdentityServer.csproj", "{277096F5-68EB-4B6D-99AA-220D938E8855}"
EndProject
Project("{9A19103F-16F7-4668-BE54-9A1E7A4F7556}") = "Microliu.BizLogger", "Services\Microliu.BizLogger\Microliu.BizLogger.csproj", "{E0077250-682B-492B-B251-588DE132A6E2}"
EndProject
Project("{9A19103F-16F7-4668-BE54-9A1E7A4F7556}") = "Microliu.ApiGetway", "Services\Microliu.Ocelet\Ocelet\Microliu.ApiGetway.csproj", "{F7346BFE-CAA4-4705-A4F9-215361AFBDF9}"
EndProject
Project("{9A19103F-16F7-4668-BE54-9A1E7A4F7556}") = "Microliu.SMS", "Services\Microliu.SMS\Microliu.SMS.csproj", "{42EBFCCA-5D12-4F19-BAD2-3E108FDFE443}"
EndProject
Project("{9A19103F-16F7-4668-BE54-9A1E7A4F7556}") = "Microliu.EmailService", "Services\Microliu.EmailService\Microliu.EmailService\Microliu.EmailService.csproj", "{D62858F6-5CC7-4730-8465-B17E4E1D4520}"
EndProject
Project("{2150E333-8FDC-42A3-9474-1A3956D46DE8}") = "Doc", "Doc", "{A379F5E1-443C-4A2C-AFB2-558BAD623490}"
	ProjectSection(SolutionItems) = preProject
		README.txt = README.txt
	EndProjectSection
EndProject
Global
	GlobalSection(SolutionConfigurationPlatforms) = preSolution
		Debug|Any CPU = Debug|Any CPU
		Release|Any CPU = Release|Any CPU
	EndGlobalSection
	GlobalSection(ProjectConfigurationPlatforms) = postSolution
		{AEDEC798-51C9-4BE7-BEAD-9CBDC8D7163A}.Debug|Any CPU.ActiveCfg = Debug|Any CPU
		{AEDEC798-51C9-4BE7-BEAD-9CBDC8D7163A}.Debug|Any CPU.Build.0 = Debug|Any CPU
		{AEDEC798-51C9-4BE7-BEAD-9CBDC8D7163A}.Release|Any CPU.ActiveCfg = Release|Any CPU
		{AEDEC798-51C9-4BE7-BEAD-9CBDC8D7163A}.Release|Any CPU.Build.0 = Release|Any CPU
		{5DEBDE56-EC52-4FB3-AAB0-568744432D2E}.Debug|Any CPU.ActiveCfg = Debug|Any CPU
		{5DEBDE56-EC52-4FB3-AAB0-568744432D2E}.Debug|Any CPU.Build.0 = Debug|Any CPU
		{5DEBDE56-EC52-4FB3-AAB0-568744432D2E}.Release|Any CPU.ActiveCfg = Release|Any CPU
		{5DEBDE56-EC52-4FB3-AAB0-568744432D2E}.Release|Any CPU.Build.0 = Release|Any CPU
		{CD2A1835-2E13-4FE4-88C2-7AC980FBEB40}.Debug|Any CPU.ActiveCfg = Debug|Any CPU
		{CD2A1835-2E13-4FE4-88C2-7AC980FBEB40}.Debug|Any CPU.Build.0 = Debug|Any CPU
		{CD2A1835-2E13-4FE4-88C2-7AC980FBEB40}.Release|Any CPU.ActiveCfg = Release|Any CPU
		{CD2A1835-2E13-4FE4-88C2-7AC980FBEB40}.Release|Any CPU.Build.0 = Release|Any CPU
		{88CCAFA5-04EE-42C3-B3A6-BF28DFCCC016}.Debug|Any CPU.ActiveCfg = Debug|Any CPU
		{88CCAFA5-04EE-42C3-B3A6-BF28DFCCC016}.Debug|Any CPU.Build.0 = Debug|Any CPU
		{88CCAFA5-04EE-42C3-B3A6-BF28DFCCC016}.Release|Any CPU.ActiveCfg = Release|Any CPU
		{88CCAFA5-04EE-42C3-B3A6-BF28DFCCC016}.Release|Any CPU.Build.0 = Release|Any CPU
		{277096F5-68EB-4B6D-99AA-220D938E8855}.Debug|Any CPU.ActiveCfg = Debug|Any CPU
		{277096F5-68EB-4B6D-99AA-220D938E8855}.Debug|Any CPU.Build.0 = Debug|Any CPU
		{277096F5-68EB-4B6D-99AA-220D938E8855}.Release|Any CPU.ActiveCfg = Release|Any CPU
		{277096F5-68EB-4B6D-99AA-220D938E8855}.Release|Any CPU.Build.0 = Release|Any CPU
		{E0077250-682B-492B-B251-588DE132A6E2}.Debug|Any CPU.ActiveCfg = Debug|Any CPU
		{E0077250-682B-492B-B251-588DE132A6E2}.Debug|Any CPU.Build.0 = Debug|Any CPU
		{E0077250-682B-492B-B251-588DE132A6E2}.Release|Any CPU.ActiveCfg = Release|Any CPU
		{E0077250-682B-492B-B251-588DE132A6E2}.Release|Any CPU.Build.0 = Release|Any CPU
		{F7346BFE-CAA4-4705-A4F9-215361AFBDF9}.Debug|Any CPU.ActiveCfg = Debug|Any CPU
		{F7346BFE-CAA4-4705-A4F9-215361AFBDF9}.Debug|Any CPU.Build.0 = Debug|Any CPU
		{F7346BFE-CAA4-4705-A4F9-215361AFBDF9}.Release|Any CPU.ActiveCfg = Release|Any CPU
		{F7346BFE-CAA4-4705-A4F9-215361AFBDF9}.Release|Any CPU.Build.0 = Release|Any CPU
		{42EBFCCA-5D12-4F19-BAD2-3E108FDFE443}.Debug|Any CPU.ActiveCfg = Debug|Any CPU
		{42EBFCCA-5D12-4F19-BAD2-3E108FDFE443}.Debug|Any CPU.Build.0 = Debug|Any CPU
		{42EBFCCA-5D12-4F19-BAD2-3E108FDFE443}.Release|Any CPU.ActiveCfg = Release|Any CPU
		{42EBFCCA-5D12-4F19-BAD2-3E108FDFE443}.Release|Any CPU.Build.0 = Release|Any CPU
		{D62858F6-5CC7-4730-8465-B17E4E1D4520}.Debug|Any CPU.ActiveCfg = Debug|Any CPU
		{D62858F6-5CC7-4730-8465-B17E4E1D4520}.Debug|Any CPU.Build.0 = Debug|Any CPU
		{D62858F6-5CC7-4730-8465-B17E4E1D4520}.Release|Any CPU.ActiveCfg = Release|Any CPU
		{D62858F6-5CC7-4730-8465-B17E4E1D4520}.Release|Any CPU.Build.0 = Release|Any CPU
	EndGlobalSection
	GlobalSection(SolutionProperties) = preSolution
		HideSolutionNode = FALSE
	EndGlobalSection
	GlobalSection(NestedProjects) = preSolution
		{5DEBDE56-EC52-4FB3-AAB0-568744432D2E} = {66A2F15D-C891-49C4-A7CE-8C614B8BD44E}
		{CD2A1835-2E13-4FE4-88C2-7AC980FBEB40} = {66A2F15D-C891-49C4-A7CE-8C614B8BD44E}
		{88CCAFA5-04EE-42C3-B3A6-BF28DFCCC016} = {66A2F15D-C891-49C4-A7CE-8C614B8BD44E}
		{277096F5-68EB-4B6D-99AA-220D938E8855} = {052D9C23-996F-430C-8E5A-316BB053407E}
		{E0077250-682B-492B-B251-588DE132A6E2} = {052D9C23-996F-430C-8E5A-316BB053407E}
		{F7346BFE-CAA4-4705-A4F9-215361AFBDF9} = {052D9C23-996F-430C-8E5A-316BB053407E}
		{42EBFCCA-5D12-4F19-BAD2-3E108FDFE443} = {052D9C23-996F-430C-8E5A-316BB053407E}
		{D62858F6-5CC7-4730-8465-B17E4E1D4520} = {052D9C23-996F-430C-8E5A-316BB053407E}
	EndGlobalSection
	GlobalSection(ExtensibilityGlobals) = postSolution
		SolutionGuid = {2F32ECF0-6010-4F59-AC16-6FFA191BC558}
	EndGlobalSection
EndGlobal
